PODS:
  - Alamofire (4.8.1)
  - Kingfisher (5.2.0)
  - Moya/Core (12.0.1):
    - Alamofire (~> 4.1)
    - Result (~> 4.0)
  - Moya/RxSwift (12.0.1):
    - Moya/Core
    - RxSwift (~> 4.0)
  - MRProgress (0.8.3):
    - MRProgress/ActivityIndicator (= 0.8.3)
    - MRProgress/Blur (= 0.8.3)
    - MRProgress/Circular (= 0.8.3)
    - MRProgress/Icons (= 0.8.3)
    - MRProgress/NavigationBarProgress (= 0.8.3)
    - MRProgress/Overlay (= 0.8.3)
  - MRProgress/ActivityIndicator (0.8.3):
    - MRProgress/Stopable
  - MRProgress/Blur (0.8.3):
    - MRProgress/Helper
  - MRProgress/Circular (0.8.3):
    - MRProgress/Helper
    - MRProgress/ProgressBaseClass
    - MRProgress/Stopable
  - MRProgress/Helper (0.8.3)
  - MRProgress/Icons (0.8.3)
  - MRProgress/NavigationBarProgress (0.8.3):
    - MRProgress/ProgressBaseClass
  - MRProgress/Overlay (0.8.3):
    - MRProgress/ActivityIndicator
    - MRProgress/Blur
    - MRProgress/Circular
    - MRProgress/Helper
    - MRProgress/Icons
  - MRProgress/ProgressBaseClass (0.8.3)
  - MRProgress/Stopable (0.8.3):
    - MRProgress/Helper
  - R.swift (5.0.2):
    - R.swift.Library (~> 5.0.0)
  - R.swift.Library (5.0.0)
  - Result (4.1.0)
  - RxAtomic (4.4.2)
  - RxBlocking (4.4.2):
    - RxAtomic (>= 4.4.2, ~> 4.4)
    - RxSwift (>= 4.4.2, ~> 4.4)
  - RxCocoa (4.4.2):
    - RxSwift (>= 4.4.2, ~> 4.4)
  - RxOptional (3.6.2):
    - RxCocoa (~> 4.0)
    - RxSwift (~> 4.0)
  - RxSwift (4.4.2):
    - RxAtomic (>= 4.4.2, ~> 4.4)
  - RxTest (4.4.2):
    - RxAtomic (>= 4.4.2, ~> 4.4)
    - RxSwift (>= 4.4.2, ~> 4.4)
  - SwiftLint (0.31.0)
  - SwiftMessages (6.0.2):
    - SwiftMessages/App (= 6.0.2)
  - SwiftMessages/App (6.0.2)
  - Swinject (2.6.0)
  - SwinjectStoryboard (2.1.0):
    - Swinject (~> 2.5)

DEPENDENCIES:
  - Kingfisher (~> 5.2)
  - Moya/RxSwift (~> 12.0)
  - MRProgress (~> 0.8)
  - R.swift (~> 5.0)
  - RxBlocking
  - RxCocoa (~> 4.4)
  - RxOptional (~> 3.6)
  - RxSwift (~> 4.4)
  - RxTest
  - SwiftLint (~> 0.28)
  - SwiftMessages (~> 6.0)
  - Swinject (~> 2.5)
  - SwinjectStoryboard (~> 2.1)

SPEC REPOS:
  https://github.com/cocoapods/specs.git:
    - Alamofire
    - Kingfisher
    - Moya
    - MRProgress
    - R.swift
    - R.swift.Library
    - Result
    - RxAtomic
    - RxBlocking
    - RxCocoa
    - RxOptional
    - RxSwift
    - RxTest
    - SwiftLint
    - SwiftMessages
    - Swinject
    - SwinjectStoryboard

SPEC CHECKSUMS:
  Alamofire: 16ce2c353fb72865124ddae8a57c5942388f4f11
  Kingfisher: 07067cfacf371117330dceb4b4b8f5c4b691ab42
  Moya: cf730b3cd9e005401ef37a85143aa141a12fd38f
  MRProgress: 16de7cc9f347e8846797a770db102a323fe7ef09
  R.swift: 81455d81467763cbd3f4d79d938d05f4ac4c0228
  R.swift.Library: 0bf390e729bc10bb2c9e4fb78bd043164a7be4ff
  Result: bd966fac789cc6c1563440b348ab2598cc24d5c7
  RxAtomic: d00e97c10db88c6f08540e0bf2752fc5a2404167
  RxBlocking: e96fdda1473d81332a6ed2cface935dc2167a122
  RxCocoa: 477990dc3b4c3ff55fb0ac77e1cc06244e0aaec8
  RxOptional: 80426a0ddbd092573e4c482d8cc13302078c4d5e
  RxSwift: 74c29b693c8e42b0f64400e8b06564575742d649
  RxTest: 6433d5b6229f5de424fa534bc22b5e6c38b0b671
  SwiftLint: 7a0227733d786395817373b2d0ca799fd0093ff3
  SwiftMessages: 8b3cc68dba2f1c91aac1a74c90b10287aac35371
  Swinject: 48a96cda93633cf2860697b4ce76ab5db9ebaca2
  SwinjectStoryboard: 688f096033103e66ffcf6ca678211acd7d7be505

PODFILE CHECKSUM: 9e152806c73d2bb4da0c58251e79bf9b6b8af6bd

COCOAPODS: 1.5.3
