// !$*UTF8*$!
{
	archiveVersion = 1;
	classes = {
	};
	objectVersion = 50;
	objects = {

/* Begin PBXBuildFile section */
		1B12343E496BF2EA64C66480 /* Pods_BSMVVMTests.framework in Frameworks */ = {isa = PBXBuildFile; fileRef = DF15E525AAD539ADC15B5719 /* Pods_BSMVVMTests.framework */; };
		2ACE85ABBB77602793A10220 /* Pods_BSMVVM.framework in Frameworks */ = {isa = PBXBuildFile; fileRef = BB807DF306EC4F0DF92A7692 /* Pods_BSMVVM.framework */; };
		9803720F223DBC740008F06B /* BaseViewModel.swift in Sources */ = {isa = PBXBuildFile; fileRef = 98037205223DBC740008F06B /* BaseViewModel.swift */; };
		98037210223DBC740008F06B /* ArticlesViewModel.swift in Sources */ = {isa = PBXBuildFile; fileRef = 98037206223DBC740008F06B /* ArticlesViewModel.swift */; };
		98037211223DBC740008F06B /* ArticleViewModel.swift in Sources */ = {isa = PBXBuildFile; fileRef = 98037207223DBC740008F06B /* ArticleViewModel.swift */; };
		98037212223DBC740008F06B /* ArticleCell.swift in Sources */ = {isa = PBXBuildFile; fileRef = 98037209223DBC740008F06B /* ArticleCell.swift */; };
		98037213223DBC740008F06B /* BaseViewController.swift in Sources */ = {isa = PBXBuildFile; fileRef = 9803720D223DBC740008F06B /* BaseViewController.swift */; };
		98037214223DBC740008F06B /* ArticlesViewController.swift in Sources */ = {isa = PBXBuildFile; fileRef = 9803720E223DBC740008F06B /* ArticlesViewController.swift */; };
		98037216223DBC960008F06B /* KingFisherFacade.swift in Sources */ = {isa = PBXBuildFile; fileRef = 98037215223DBC960008F06B /* KingFisherFacade.swift */; };
		98037219223DC1E90008F06B /* Response-1.json in Resources */ = {isa = PBXBuildFile; fileRef = 98037218223DC1E90008F06B /* Response-1.json */; };
		9803721B223DC2440008F06B /* Response-7.json in Resources */ = {isa = PBXBuildFile; fileRef = 9803721A223DC2440008F06B /* Response-7.json */; };
		9803721D223DC25B0008F06B /* Response-30.json in Resources */ = {isa = PBXBuildFile; fileRef = 9803721C223DC25B0008F06B /* Response-30.json */; };
		981D36E9223D8FA600DBAC7F /* R.generated.swift in Sources */ = {isa = PBXBuildFile; fileRef = 981D36E8223D8FA600DBAC7F /* R.generated.swift */; };
		981D36ED223D91AE00DBAC7F /* Article.swift in Sources */ = {isa = PBXBuildFile; fileRef = 981D36EC223D91AE00DBAC7F /* Article.swift */; };
		981D36EF223D954F00DBAC7F /* ArticlesResonse.swift in Sources */ = {isa = PBXBuildFile; fileRef = 981D36EE223D954F00DBAC7F /* ArticlesResonse.swift */; };
		981D36F1223D95E900DBAC7F /* Response.json in Resources */ = {isa = PBXBuildFile; fileRef = 981D36F0223D95E900DBAC7F /* Response.json */; };
		981D36F5223D9B7500DBAC7F /* ArticlesAPI.swift in Sources */ = {isa = PBXBuildFile; fileRef = 981D36F4223D9B7500DBAC7F /* ArticlesAPI.swift */; };
		981D36F7223D9DAD00DBAC7F /* ArticlesRepository.swift in Sources */ = {isa = PBXBuildFile; fileRef = 981D36F6223D9DAD00DBAC7F /* ArticlesRepository.swift */; };
		981D36FA223D9E6400DBAC7F /* MainAssembler.swift in Sources */ = {isa = PBXBuildFile; fileRef = 981D36F9223D9E6400DBAC7F /* MainAssembler.swift */; };
		981D36FC223D9E8300DBAC7F /* ApiAssemblies.swift in Sources */ = {isa = PBXBuildFile; fileRef = 981D36FB223D9E8300DBAC7F /* ApiAssemblies.swift */; };
		981D36FF223D9EDA00DBAC7F /* Moya+JSON.swift in Sources */ = {isa = PBXBuildFile; fileRef = 981D36FE223D9EDA00DBAC7F /* Moya+JSON.swift */; };
		981D3701223D9F1800DBAC7F /* RepositoriesAssemblies.swift in Sources */ = {isa = PBXBuildFile; fileRef = 981D3700223D9F1800DBAC7F /* RepositoriesAssemblies.swift */; };
		981D3708223DA8CF00DBAC7F /* Observable+MoyaErrorhandler.swift in Sources */ = {isa = PBXBuildFile; fileRef = 981D3707223DA8CF00DBAC7F /* Observable+MoyaErrorhandler.swift */; };
		981D370A223DA8E500DBAC7F /* Single+MoyaErrorHandler.swift in Sources */ = {isa = PBXBuildFile; fileRef = 981D3709223DA8E500DBAC7F /* Single+MoyaErrorHandler.swift */; };
		981D3716223DAC3500DBAC7F /* ViewModelsAssemblies.swift in Sources */ = {isa = PBXBuildFile; fileRef = 981D3715223DAC3500DBAC7F /* ViewModelsAssemblies.swift */; };
		981D3718223DAC7600DBAC7F /* ViewControllersAssemblies.swift in Sources */ = {isa = PBXBuildFile; fileRef = 981D3717223DAC7600DBAC7F /* ViewControllersAssemblies.swift */; };
		981D371C223DAD2900DBAC7F /* SwinjectStoryboardAssemblies.swift in Sources */ = {isa = PBXBuildFile; fileRef = 981D371B223DAD2900DBAC7F /* SwinjectStoryboardAssemblies.swift */; };
		983DCD0D223D8A4100E0B295 /* AppDelegate.swift in Sources */ = {isa = PBXBuildFile; fileRef = 983DCD0C223D8A4100E0B295 /* AppDelegate.swift */; };
		983DCD14223D8A4100E0B295 /* Main.storyboard in Resources */ = {isa = PBXBuildFile; fileRef = 983DCD12223D8A4100E0B295 /* Main.storyboard */; };
		983DCD16223D8A4200E0B295 /* Assets.xcassets in Resources */ = {isa = PBXBuildFile; fileRef = 983DCD15223D8A4200E0B295 /* Assets.xcassets */; };
		983DCD19223D8A4200E0B295 /* LaunchScreen.storyboard in Resources */ = {isa = PBXBuildFile; fileRef = 983DCD17223D8A4200E0B295 /* LaunchScreen.storyboard */; };
		983DCD24223D8A4300E0B295 /* BSMVVMTests.swift in Sources */ = {isa = PBXBuildFile; fileRef = 983DCD23223D8A4300E0B295 /* BSMVVMTests.swift */; };
		983DCD2F223D8A4300E0B295 /* BSMVVMUITests.swift in Sources */ = {isa = PBXBuildFile; fileRef = 983DCD2E223D8A4300E0B295 /* BSMVVMUITests.swift */; };
/* End PBXBuildFile section */

/* Begin PBXContainerItemProxy section */
		983DCD20223D8A4300E0B295 /* PBXContainerItemProxy */ = {
			isa = PBXContainerItemProxy;
			containerPortal = 983DCD01223D8A4100E0B295 /* Project object */;
			proxyType = 1;
			remoteGlobalIDString = 983DCD08223D8A4100E0B295;
			remoteInfo = BSMVVM;
		};
		983DCD2B223D8A4300E0B295 /* PBXContainerItemProxy */ = {
			isa = PBXContainerItemProxy;
			containerPortal = 983DCD01223D8A4100E0B295 /* Project object */;
			proxyType = 1;
			remoteGlobalIDString = 983DCD08223D8A4100E0B295;
			remoteInfo = BSMVVM;
		};
/* End PBXContainerItemProxy section */

/* Begin PBXFileReference section */
		1CEF8DAB7FA66FB13CEE0497 /* Pods-BSMVVM.debug.xcconfig */ = {isa = PBXFileReference; includeInIndex = 1; lastKnownFileType = text.xcconfig; name = "Pods-BSMVVM.debug.xcconfig"; path = "Pods/Target Support Files/Pods-BSMVVM/Pods-BSMVVM.debug.xcconfig"; sourceTree = "<group>"; };
		275CFF2FDE827202B0FA2F77 /* Pods-BSMVVMTests.debug.xcconfig */ = {isa = PBXFileReference; includeInIndex = 1; lastKnownFileType = text.xcconfig; name = "Pods-BSMVVMTests.debug.xcconfig"; path = "Pods/Target Support Files/Pods-BSMVVMTests/Pods-BSMVVMTests.debug.xcconfig"; sourceTree = "<group>"; };
		7DEDEE576DDC281C4841E080 /* Pods-BSMVVM.release.xcconfig */ = {isa = PBXFileReference; includeInIndex = 1; lastKnownFileType = text.xcconfig; name = "Pods-BSMVVM.release.xcconfig"; path = "Pods/Target Support Files/Pods-BSMVVM/Pods-BSMVVM.release.xcconfig"; sourceTree = "<group>"; };
		98037205223DBC740008F06B /* BaseViewModel.swift */ = {isa = PBXFileReference; fileEncoding = 4; lastKnownFileType = sourcecode.swift; path = BaseViewModel.swift; sourceTree = "<group>"; };
		98037206223DBC740008F06B /* ArticlesViewModel.swift */ = {isa = PBXFileReference; fileEncoding = 4; lastKnownFileType = sourcecode.swift; path = ArticlesViewModel.swift; sourceTree = "<group>"; };
		98037207223DBC740008F06B /* ArticleViewModel.swift */ = {isa = PBXFileReference; fileEncoding = 4; lastKnownFileType = sourcecode.swift; path = ArticleViewModel.swift; sourceTree = "<group>"; };
		98037209223DBC740008F06B /* ArticleCell.swift */ = {isa = PBXFileReference; fileEncoding = 4; lastKnownFileType = sourcecode.swift; path = ArticleCell.swift; sourceTree = "<group>"; };
		9803720D223DBC740008F06B /* BaseViewController.swift */ = {isa = PBXFileReference; fileEncoding = 4; lastKnownFileType = sourcecode.swift; path = BaseViewController.swift; sourceTree = "<group>"; };
		9803720E223DBC740008F06B /* ArticlesViewController.swift */ = {isa = PBXFileReference; fileEncoding = 4; lastKnownFileType = sourcecode.swift; path = ArticlesViewController.swift; sourceTree = "<group>"; };
		98037215223DBC960008F06B /* KingFisherFacade.swift */ = {isa = PBXFileReference; lastKnownFileType = sourcecode.swift; path = KingFisherFacade.swift; sourceTree = "<group>"; };
		98037218223DC1E90008F06B /* Response-1.json */ = {isa = PBXFileReference; fileEncoding = 4; lastKnownFileType = text.json; path = "Response-1.json"; sourceTree = "<group>"; };
		9803721A223DC2440008F06B /* Response-7.json */ = {isa = PBXFileReference; fileEncoding = 4; lastKnownFileType = text.json; path = "Response-7.json"; sourceTree = "<group>"; };
		9803721C223DC25B0008F06B /* Response-30.json */ = {isa = PBXFileReference; fileEncoding = 4; lastKnownFileType = text.json; path = "Response-30.json"; sourceTree = "<group>"; };
		981D36E8223D8FA600DBAC7F /* R.generated.swift */ = {isa = PBXFileReference; fileEncoding = 4; lastKnownFileType = sourcecode.swift; path = R.generated.swift; sourceTree = "<group>"; };
		981D36EC223D91AE00DBAC7F /* Article.swift */ = {isa = PBXFileReference; lastKnownFileType = sourcecode.swift; path = Article.swift; sourceTree = "<group>"; };
		981D36EE223D954F00DBAC7F /* ArticlesResonse.swift */ = {isa = PBXFileReference; lastKnownFileType = sourcecode.swift; path = ArticlesResonse.swift; sourceTree = "<group>"; };
		981D36F0223D95E900DBAC7F /* Response.json */ = {isa = PBXFileReference; lastKnownFileType = text.json; path = Response.json; sourceTree = "<group>"; };
		981D36F4223D9B7500DBAC7F /* ArticlesAPI.swift */ = {isa = PBXFileReference; lastKnownFileType = sourcecode.swift; path = ArticlesAPI.swift; sourceTree = "<group>"; };
		981D36F6223D9DAD00DBAC7F /* ArticlesRepository.swift */ = {isa = PBXFileReference; lastKnownFileType = sourcecode.swift; path = ArticlesRepository.swift; sourceTree = "<group>"; };
		981D36F9223D9E6400DBAC7F /* MainAssembler.swift */ = {isa = PBXFileReference; lastKnownFileType = sourcecode.swift; path = MainAssembler.swift; sourceTree = "<group>"; };
		981D36FB223D9E8300DBAC7F /* ApiAssemblies.swift */ = {isa = PBXFileReference; lastKnownFileType = sourcecode.swift; path = ApiAssemblies.swift; sourceTree = "<group>"; };
		981D36FE223D9EDA00DBAC7F /* Moya+JSON.swift */ = {isa = PBXFileReference; lastKnownFileType = sourcecode.swift; path = "Moya+JSON.swift"; sourceTree = "<group>"; };
		981D3700223D9F1800DBAC7F /* RepositoriesAssemblies.swift */ = {isa = PBXFileReference; lastKnownFileType = sourcecode.swift; path = RepositoriesAssemblies.swift; sourceTree = "<group>"; };
		981D3707223DA8CF00DBAC7F /* Observable+MoyaErrorhandler.swift */ = {isa = PBXFileReference; lastKnownFileType = sourcecode.swift; path = "Observable+MoyaErrorhandler.swift"; sourceTree = "<group>"; };
		981D3709223DA8E500DBAC7F /* Single+MoyaErrorHandler.swift */ = {isa = PBXFileReference; lastKnownFileType = sourcecode.swift; path = "Single+MoyaErrorHandler.swift"; sourceTree = "<group>"; };
		981D3715223DAC3500DBAC7F /* ViewModelsAssemblies.swift */ = {isa = PBXFileReference; lastKnownFileType = sourcecode.swift; path = ViewModelsAssemblies.swift; sourceTree = "<group>"; };
		981D3717223DAC7600DBAC7F /* ViewControllersAssemblies.swift */ = {isa = PBXFileReference; lastKnownFileType = sourcecode.swift; path = ViewControllersAssemblies.swift; sourceTree = "<group>"; };
		981D371B223DAD2900DBAC7F /* SwinjectStoryboardAssemblies.swift */ = {isa = PBXFileReference; lastKnownFileType = sourcecode.swift; path = SwinjectStoryboardAssemblies.swift; sourceTree = "<group>"; };
		983DCD09223D8A4100E0B295 /* BSMVVM.app */ = {isa = PBXFileReference; explicitFileType = wrapper.application; includeInIndex = 0; path = BSMVVM.app; sourceTree = BUILT_PRODUCTS_DIR; };
		983DCD0C223D8A4100E0B295 /* AppDelegate.swift */ = {isa = PBXFileReference; lastKnownFileType = sourcecode.swift; path = AppDelegate.swift; sourceTree = "<group>"; };
		983DCD13223D8A4100E0B295 /* Base */ = {isa = PBXFileReference; lastKnownFileType = file.storyboard; name = Base; path = Base.lproj/Main.storyboard; sourceTree = "<group>"; };
		983DCD15223D8A4200E0B295 /* Assets.xcassets */ = {isa = PBXFileReference; lastKnownFileType = folder.assetcatalog; path = Assets.xcassets; sourceTree = "<group>"; };
		983DCD18223D8A4200E0B295 /* Base */ = {isa = PBXFileReference; lastKnownFileType = file.storyboard; name = Base; path = Base.lproj/LaunchScreen.storyboard; sourceTree = "<group>"; };
		983DCD1A223D8A4300E0B295 /* Info.plist */ = {isa = PBXFileReference; lastKnownFileType = text.plist.xml; path = Info.plist; sourceTree = "<group>"; };
		983DCD1F223D8A4300E0B295 /* BSMVVMTests.xctest */ = {isa = PBXFileReference; explicitFileType = wrapper.cfbundle; includeInIndex = 0; path = BSMVVMTests.xctest; sourceTree = BUILT_PRODUCTS_DIR; };
		983DCD23223D8A4300E0B295 /* BSMVVMTests.swift */ = {isa = PBXFileReference; lastKnownFileType = sourcecode.swift; path = BSMVVMTests.swift; sourceTree = "<group>"; };
		983DCD25223D8A4300E0B295 /* Info.plist */ = {isa = PBXFileReference; lastKnownFileType = text.plist.xml; path = Info.plist; sourceTree = "<group>"; };
		983DCD2A223D8A4300E0B295 /* BSMVVMUITests.xctest */ = {isa = PBXFileReference; explicitFileType = wrapper.cfbundle; includeInIndex = 0; path = BSMVVMUITests.xctest; sourceTree = BUILT_PRODUCTS_DIR; };
		983DCD2E223D8A4300E0B295 /* BSMVVMUITests.swift */ = {isa = PBXFileReference; lastKnownFileType = sourcecode.swift; path = BSMVVMUITests.swift; sourceTree = "<group>"; };
		983DCD30223D8A4300E0B295 /* Info.plist */ = {isa = PBXFileReference; lastKnownFileType = text.plist.xml; path = Info.plist; sourceTree = "<group>"; };
		BB807DF306EC4F0DF92A7692 /* Pods_BSMVVM.framework */ = {isa = PBXFileReference; explicitFileType = wrapper.framework; includeInIndex = 0; path = Pods_BSMVVM.framework; sourceTree = BUILT_PRODUCTS_DIR; };
		CB0A0BE5EEDAE164FDD894C6 /* Pods-BSMVVMTests.release.xcconfig */ = {isa = PBXFileReference; includeInIndex = 1; lastKnownFileType = text.xcconfig; name = "Pods-BSMVVMTests.release.xcconfig"; path = "Pods/Target Support Files/Pods-BSMVVMTests/Pods-BSMVVMTests.release.xcconfig"; sourceTree = "<group>"; };
		DF15E525AAD539ADC15B5719 /* Pods_BSMVVMTests.framework */ = {isa = PBXFileReference; explicitFileType = wrapper.framework; includeInIndex = 0; path = Pods_BSMVVMTests.framework; sourceTree = BUILT_PRODUCTS_DIR; };
/* End PBXFileReference section */

/* Begin PBXFrameworksBuildPhase section */
		983DCD06223D8A4100E0B295 /* Frameworks */ = {
			isa = PBXFrameworksBuildPhase;
			buildActionMask = 2147483647;
			files = (
				2ACE85ABBB77602793A10220 /* Pods_BSMVVM.framework in Frameworks */,
			);
			runOnlyForDeploymentPostprocessing = 0;
		};
		983DCD1C223D8A4300E0B295 /* Frameworks */ = {
			isa = PBXFrameworksBuildPhase;
			buildActionMask = 2147483647;
			files = (
				1B12343E496BF2EA64C66480 /* Pods_BSMVVMTests.framework in Frameworks */,
			);
			runOnlyForDeploymentPostprocessing = 0;
		};
		983DCD27223D8A4300E0B295 /* Frameworks */ = {
			isa = PBXFrameworksBuildPhase;
			buildActionMask = 2147483647;
			files = (
			);
			runOnlyForDeploymentPostprocessing = 0;
		};
/* End PBXFrameworksBuildPhase section */

/* Begin PBXGroup section */
		1B7C5F0221918C4DBF5755C4 /* Frameworks */ = {
			isa = PBXGroup;
			children = (
				BB807DF306EC4F0DF92A7692 /* Pods_BSMVVM.framework */,
				DF15E525AAD539ADC15B5719 /* Pods_BSMVVMTests.framework */,
			);
			name = Frameworks;
			sourceTree = "<group>";
		};
		1FFAB6B4C459F2D7C82A6C75 /* Pods */ = {
			isa = PBXGroup;
			children = (
				1CEF8DAB7FA66FB13CEE0497 /* Pods-BSMVVM.debug.xcconfig */,
				7DEDEE576DDC281C4841E080 /* Pods-BSMVVM.release.xcconfig */,
				275CFF2FDE827202B0FA2F77 /* Pods-BSMVVMTests.debug.xcconfig */,
				CB0A0BE5EEDAE164FDD894C6 /* Pods-BSMVVMTests.release.xcconfig */,
			);
			name = Pods;
			sourceTree = "<group>";
		};
		98037203223DBC740008F06B /* Views */ = {
			isa = PBXGroup;
			children = (
				98037204223DBC740008F06B /* ViewModels */,
				98037208223DBC740008F06B /* Cells */,
				9803720B223DBC740008F06B /* Facasdes */,
				9803720C223DBC740008F06B /* ViewControllers */,
			);
			path = Views;
			sourceTree = "<group>";
		};
		98037204223DBC740008F06B /* ViewModels */ = {
			isa = PBXGroup;
			children = (
				98037205223DBC740008F06B /* BaseViewModel.swift */,
				98037206223DBC740008F06B /* ArticlesViewModel.swift */,
				98037207223DBC740008F06B /* ArticleViewModel.swift */,
			);
			path = ViewModels;
			sourceTree = "<group>";
		};
		98037208223DBC740008F06B /* Cells */ = {
			isa = PBXGroup;
			children = (
				98037209223DBC740008F06B /* ArticleCell.swift */,
			);
			path = Cells;
			sourceTree = "<group>";
		};
		9803720B223DBC740008F06B /* Facasdes */ = {
			isa = PBXGroup;
			children = (
				98037215223DBC960008F06B /* KingFisherFacade.swift */,
			);
			path = Facasdes;
			sourceTree = "<group>";
		};
		9803720C223DBC740008F06B /* ViewControllers */ = {
			isa = PBXGroup;
			children = (
				9803720D223DBC740008F06B /* BaseViewController.swift */,
				9803720E223DBC740008F06B /* ArticlesViewController.swift */,
			);
			path = ViewControllers;
			sourceTree = "<group>";
		};
		98037217223DC1E90008F06B /* Data */ = {
			isa = PBXGroup;
			children = (
				9803721C223DC25B0008F06B /* Response-30.json */,
				98037218223DC1E90008F06B /* Response-1.json */,
				9803721A223DC2440008F06B /* Response-7.json */,
			);
			path = Data;
			sourceTree = "<group>";
		};
		981D36E7223D8E0100DBAC7F /* Support Files */ = {
			isa = PBXGroup;
			children = (
				98037217223DC1E90008F06B /* Data */,
				981D36E8223D8FA600DBAC7F /* R.generated.swift */,
				983DCD17223D8A4200E0B295 /* LaunchScreen.storyboard */,
				983DCD15223D8A4200E0B295 /* Assets.xcassets */,
				983DCD1A223D8A4300E0B295 /* Info.plist */,
			);
			path = "Support Files";
			sourceTree = "<group>";
		};
		981D36EA223D919100DBAC7F /* App */ = {
			isa = PBXGroup;
			children = (
				98037203223DBC740008F06B /* Views */,
				981D36F8223D9E5000DBAC7F /* Swinject */,
				981D36F3223D9B5B00DBAC7F /* APIs */,
				981D36F2223D9B3A00DBAC7F /* Repositories */,
				981D36EB223D919100DBAC7F /* Models */,
			);
			path = App;
			sourceTree = "<group>";
		};
		981D36EB223D919100DBAC7F /* Models */ = {
			isa = PBXGroup;
			children = (
				981D36EC223D91AE00DBAC7F /* Article.swift */,
				981D36EE223D954F00DBAC7F /* ArticlesResonse.swift */,
			);
			path = Models;
			sourceTree = "<group>";
		};
		981D36F2223D9B3A00DBAC7F /* Repositories */ = {
			isa = PBXGroup;
			children = (
				981D36F6223D9DAD00DBAC7F /* ArticlesRepository.swift */,
			);
			path = Repositories;
			sourceTree = "<group>";
		};
		981D36F3223D9B5B00DBAC7F /* APIs */ = {
			isa = PBXGroup;
			children = (
				981D36FD223D9ECE00DBAC7F /* Extensions */,
				981D36F4223D9B7500DBAC7F /* ArticlesAPI.swift */,
			);
			path = APIs;
			sourceTree = "<group>";
		};
		981D36F8223D9E5000DBAC7F /* Swinject */ = {
			isa = PBXGroup;
			children = (
				981D36F9223D9E6400DBAC7F /* MainAssembler.swift */,
				981D3715223DAC3500DBAC7F /* ViewModelsAssemblies.swift */,
				981D371B223DAD2900DBAC7F /* SwinjectStoryboardAssemblies.swift */,
				981D3717223DAC7600DBAC7F /* ViewControllersAssemblies.swift */,
				981D36FB223D9E8300DBAC7F /* ApiAssemblies.swift */,
				981D3700223D9F1800DBAC7F /* RepositoriesAssemblies.swift */,
			);
			path = Swinject;
			sourceTree = "<group>";
		};
		981D36FD223D9ECE00DBAC7F /* Extensions */ = {
			isa = PBXGroup;
			children = (
				981D36FE223D9EDA00DBAC7F /* Moya+JSON.swift */,
				981D3707223DA8CF00DBAC7F /* Observable+MoyaErrorhandler.swift */,
				981D3709223DA8E500DBAC7F /* Single+MoyaErrorHandler.swift */,
			);
			path = Extensions;
			sourceTree = "<group>";
		};
		983DCD00223D8A4100E0B295 = {
			isa = PBXGroup;
			children = (
				983DCD0B223D8A4100E0B295 /* BSMVVM */,
				983DCD22223D8A4300E0B295 /* BSMVVMTests */,
				983DCD2D223D8A4300E0B295 /* BSMVVMUITests */,
				983DCD0A223D8A4100E0B295 /* Products */,
				1FFAB6B4C459F2D7C82A6C75 /* Pods */,
				1B7C5F0221918C4DBF5755C4 /* Frameworks */,
			);
			sourceTree = "<group>";
		};
		983DCD0A223D8A4100E0B295 /* Products */ = {
			isa = PBXGroup;
			children = (
				983DCD09223D8A4100E0B295 /* BSMVVM.app */,
				983DCD1F223D8A4300E0B295 /* BSMVVMTests.xctest */,
				983DCD2A223D8A4300E0B295 /* BSMVVMUITests.xctest */,
			);
			name = Products;
			sourceTree = "<group>";
		};
		983DCD0B223D8A4100E0B295 /* BSMVVM */ = {
			isa = PBXGroup;
			children = (
				983DCD0C223D8A4100E0B295 /* AppDelegate.swift */,
				981D36EA223D919100DBAC7F /* App */,
				983DCD12223D8A4100E0B295 /* Main.storyboard */,
				981D36E7223D8E0100DBAC7F /* Support Files */,
			);
			path = BSMVVM;
			sourceTree = "<group>";
		};
		983DCD22223D8A4300E0B295 /* BSMVVMTests */ = {
			isa = PBXGroup;
			children = (
				983DCD23223D8A4300E0B295 /* BSMVVMTests.swift */,
				981D36F0223D95E900DBAC7F /* Response.json */,
				983DCD25223D8A4300E0B295 /* Info.plist */,
			);
			path = BSMVVMTests;
			sourceTree = "<group>";
		};
		983DCD2D223D8A4300E0B295 /* BSMVVMUITests */ = {
			isa = PBXGroup;
			children = (
				983DCD2E223D8A4300E0B295 /* BSMVVMUITests.swift */,
				983DCD30223D8A4300E0B295 /* Info.plist */,
			);
			path = BSMVVMUITests;
			sourceTree = "<group>";
		};
/* End PBXGroup section */

/* Begin PBXNativeTarget section */
		983DCD08223D8A4100E0B295 /* BSMVVM */ = {
			isa = PBXNativeTarget;
			buildConfigurationList = 983DCD33223D8A4300E0B295 /* Build configuration list for PBXNativeTarget "BSMVVM" */;
			buildPhases = (
				814FA62C6D4E6EC70267B46F /* [CP] Check Pods Manifest.lock */,
				983DCD05223D8A4100E0B295 /* Sources */,
				983DCD06223D8A4100E0B295 /* Frameworks */,
				983DCD07223D8A4100E0B295 /* Resources */,
				BA8E2C0029187862DB56E954 /* [CP] Embed Pods Frameworks */,
				981D36E5223D8D1600DBAC7F /* Swift Lint */,
				981D36E6223D8DCE00DBAC7F /* R.Swift */,
			);
			buildRules = (
			);
			dependencies = (
			);
			name = BSMVVM;
			productName = BSMVVM;
			productReference = 983DCD09223D8A4100E0B295 /* BSMVVM.app */;
			productType = "com.apple.product-type.application";
		};
		983DCD1E223D8A4300E0B295 /* BSMVVMTests */ = {
			isa = PBXNativeTarget;
			buildConfigurationList = 983DCD36223D8A4300E0B295 /* Build configuration list for PBXNativeTarget "BSMVVMTests" */;
			buildPhases = (
				34DA69BF2B91AC01DFF35269 /* [CP] Check Pods Manifest.lock */,
				983DCD1B223D8A4300E0B295 /* Sources */,
				983DCD1C223D8A4300E0B295 /* Frameworks */,
				983DCD1D223D8A4300E0B295 /* Resources */,
				2476255782D6953EBC27795F /* [CP] Embed Pods Frameworks */,
			);
			buildRules = (
			);
			dependencies = (
				983DCD21223D8A4300E0B295 /* PBXTargetDependency */,
			);
			name = BSMVVMTests;
			productName = BSMVVMTests;
			productReference = 983DCD1F223D8A4300E0B295 /* BSMVVMTests.xctest */;
			productType = "com.apple.product-type.bundle.unit-test";
		};
		983DCD29223D8A4300E0B295 /* BSMVVMUITests */ = {
			isa = PBXNativeTarget;
			buildConfigurationList = 983DCD39223D8A4300E0B295 /* Build configuration list for PBXNativeTarget "BSMVVMUITests" */;
			buildPhases = (
				983DCD26223D8A4300E0B295 /* Sources */,
				983DCD27223D8A4300E0B295 /* Frameworks */,
				983DCD28223D8A4300E0B295 /* Resources */,
			);
			buildRules = (
			);
			dependencies = (
				983DCD2C223D8A4300E0B295 /* PBXTargetDependency */,
			);
			name = BSMVVMUITests;
			productName = BSMVVMUITests;
			productReference = 983DCD2A223D8A4300E0B295 /* BSMVVMUITests.xctest */;
			productType = "com.apple.product-type.bundle.ui-testing";
		};
/* End PBXNativeTarget section */

/* Begin PBXProject section */
		983DCD01223D8A4100E0B295 /* Project object */ = {
			isa = PBXProject;
			attributes = {
				LastSwiftUpdateCheck = 1010;
				LastUpgradeCheck = 1010;
				ORGANIZATIONNAME = "Nahla Mortada";
				TargetAttributes = {
					983DCD08223D8A4100E0B295 = {
						CreatedOnToolsVersion = 10.1;
					};
					983DCD1E223D8A4300E0B295 = {
						CreatedOnToolsVersion = 10.1;
						TestTargetID = 983DCD08223D8A4100E0B295;
					};
					983DCD29223D8A4300E0B295 = {
						CreatedOnToolsVersion = 10.1;
						TestTargetID = 983DCD08223D8A4100E0B295;
					};
				};
			};
			buildConfigurationList = 983DCD04223D8A4100E0B295 /* Build configuration list for PBXProject "BSMVVM" */;
			compatibilityVersion = "Xcode 9.3";
			developmentRegion = en;
			hasScannedForEncodings = 0;
			knownRegions = (
				en,
				Base,
			);
			mainGroup = 983DCD00223D8A4100E0B295;
			productRefGroup = 983DCD0A223D8A4100E0B295 /* Products */;
			projectDirPath = "";
			projectRoot = "";
			targets = (
				983DCD08223D8A4100E0B295 /* BSMVVM */,
				983DCD1E223D8A4300E0B295 /* BSMVVMTests */,
				983DCD29223D8A4300E0B295 /* BSMVVMUITests */,
			);
		};
/* End PBXProject section */

/* Begin PBXResourcesBuildPhase section */
		983DCD07223D8A4100E0B295 /* Resources */ = {
			isa = PBXResourcesBuildPhase;
			buildActionMask = 2147483647;
			files = (
				983DCD19223D8A4200E0B295 /* LaunchScreen.storyboard in Resources */,
				98037219223DC1E90008F06B /* Response-1.json in Resources */,
				983DCD16223D8A4200E0B295 /* Assets.xcassets in Resources */,
				983DCD14223D8A4100E0B295 /* Main.storyboard in Resources */,
				9803721B223DC2440008F06B /* Response-7.json in Resources */,
				9803721D223DC25B0008F06B /* Response-30.json in Resources */,
			);
			runOnlyForDeploymentPostprocessing = 0;
		};
		983DCD1D223D8A4300E0B295 /* Resources */ = {
			isa = PBXResourcesBuildPhase;
			buildActionMask = 2147483647;
			files = (
				981D36F1223D95E900DBAC7F /* Response.json in Resources */,
			);
			runOnlyForDeploymentPostprocessing = 0;
		};
		983DCD28223D8A4300E0B295 /* Resources */ = {
			isa = PBXResourcesBuildPhase;
			buildActionMask = 2147483647;
			files = (
			);
			runOnlyForDeploymentPostprocessing = 0;
		};
/* End PBXResourcesBuildPhase section */

/* Begin PBXShellScriptBuildPhase section */
		2476255782D6953EBC27795F /* [CP] Embed Pods Frameworks */ = {
			isa = PBXShellScriptBuildPhase;
			buildActionMask = 2147483647;
			files = (
			);
			inputFileListPaths = (
			);
			inputPaths = (
				"${SRCROOT}/Pods/Target Support Files/Pods-BSMVVMTests/Pods-BSMVVMTests-frameworks.sh",
				"${BUILT_PRODUCTS_DIR}/RxAtomic/RxAtomic.framework",
				"${BUILT_PRODUCTS_DIR}/RxSwift/RxSwift.framework",
				"${BUILT_PRODUCTS_DIR}/RxBlocking/RxBlocking.framework",
				"${BUILT_PRODUCTS_DIR}/RxTest/RxTest.framework",
			);
			name = "[CP] Embed Pods Frameworks";
			outputFileListPaths = (
			);
			outputPaths = (
				"${TARGET_BUILD_DIR}/${FRAMEWORKS_FOLDER_PATH}/RxAtomic.framework",
				"${TARGET_BUILD_DIR}/${FRAMEWORKS_FOLDER_PATH}/RxSwift.framework",
				"${TARGET_BUILD_DIR}/${FRAMEWORKS_FOLDER_PATH}/RxBlocking.framework",
				"${TARGET_BUILD_DIR}/${FRAMEWORKS_FOLDER_PATH}/RxTest.framework",
			);
			runOnlyForDeploymentPostprocessing = 0;
			shellPath = /bin/sh;
			shellScript = "\"${SRCROOT}/Pods/Target Support Files/Pods-BSMVVMTests/Pods-BSMVVMTests-frameworks.sh\"\n";
			showEnvVarsInLog = 0;
		};
		34DA69BF2B91AC01DFF35269 /* [CP] Check Pods Manifest.lock */ = {
			isa = PBXShellScriptBuildPhase;
			buildActionMask = 2147483647;
			files = (
			);
			inputFileListPaths = (
			);
			inputPaths = (
				"${PODS_PODFILE_DIR_PATH}/Podfile.lock",
				"${PODS_ROOT}/Manifest.lock",
			);
			name = "[CP] Check Pods Manifest.lock";
			outputFileListPaths = (
			);
			outputPaths = (
				"$(DERIVED_FILE_DIR)/Pods-BSMVVMTests-checkManifestLockResult.txt",
			);
			runOnlyForDeploymentPostprocessing = 0;
			shellPath = /bin/sh;
			shellScript = "diff \"${PODS_PODFILE_DIR_PATH}/Podfile.lock\" \"${PODS_ROOT}/Manifest.lock\" > /dev/null\nif [ $? != 0 ] ; then\n    # print error to STDERR\n    echo \"error: The sandbox is not in sync with the Podfile.lock. Run 'pod install' or update your CocoaPods installation.\" >&2\n    exit 1\nfi\n# This output is used by Xcode 'outputs' to avoid re-running this script phase.\necho \"SUCCESS\" > \"${SCRIPT_OUTPUT_FILE_0}\"\n";
			showEnvVarsInLog = 0;
		};
		814FA62C6D4E6EC70267B46F /* [CP] Check Pods Manifest.lock */ = {
			isa = PBXShellScriptBuildPhase;
			buildActionMask = 2147483647;
			files = (
			);
			inputFileListPaths = (
			);
			inputPaths = (
				"${PODS_PODFILE_DIR_PATH}/Podfile.lock",
				"${PODS_ROOT}/Manifest.lock",
			);
			name = "[CP] Check Pods Manifest.lock";
			outputFileListPaths = (
			);
			outputPaths = (
				"$(DERIVED_FILE_DIR)/Pods-BSMVVM-checkManifestLockResult.txt",
			);
			runOnlyForDeploymentPostprocessing = 0;
			shellPath = /bin/sh;
			shellScript = "diff \"${PODS_PODFILE_DIR_PATH}/Podfile.lock\" \"${PODS_ROOT}/Manifest.lock\" > /dev/null\nif [ $? != 0 ] ; then\n    # print error to STDERR\n    echo \"error: The sandbox is not in sync with the Podfile.lock. Run 'pod install' or update your CocoaPods installation.\" >&2\n    exit 1\nfi\n# This output is used by Xcode 'outputs' to avoid re-running this script phase.\necho \"SUCCESS\" > \"${SCRIPT_OUTPUT_FILE_0}\"\n";
			showEnvVarsInLog = 0;
		};
		981D36E5223D8D1600DBAC7F /* Swift Lint */ = {
			isa = PBXShellScriptBuildPhase;
			buildActionMask = 2147483647;
			files = (
			);
			inputFileListPaths = (
			);
			inputPaths = (
			);
			name = "Swift Lint";
			outputFileListPaths = (
			);
			outputPaths = (
			);
			runOnlyForDeploymentPostprocessing = 0;
			shellPath = /bin/sh;
			shellScript = "\"${PODS_ROOT}/SwiftLint/swiftlint\"\n";
		};
		981D36E6223D8DCE00DBAC7F /* R.Swift */ = {
			isa = PBXShellScriptBuildPhase;
			buildActionMask = 2147483647;
			files = (
			);
			inputFileListPaths = (
			);
			inputPaths = (
				"$TEMP_DIR/rswift-lastrun",
			);
			name = R.Swift;
			outputFileListPaths = (
			);
			outputPaths = (
				"$SRCROOT/BSMVVM/Support Files/R.generated.swift",
			);
			runOnlyForDeploymentPostprocessing = 0;
			shellPath = /bin/sh;
			shellScript = "\"$PODS_ROOT/R.swift/rswift\" generate \"$SRCROOT/BSMVVM/Support Files/R.generated.swift\"\n";
		};
		BA8E2C0029187862DB56E954 /* [CP] Embed Pods Frameworks */ = {
			isa = PBXShellScriptBuildPhase;
			buildActionMask = 2147483647;
			files = (
			);
			inputFileListPaths = (
			);
			inputPaths = (
				"${SRCROOT}/Pods/Target Support Files/Pods-BSMVVM/Pods-BSMVVM-frameworks.sh",
				"${BUILT_PRODUCTS_DIR}/Alamofire/Alamofire.framework",
				"${BUILT_PRODUCTS_DIR}/Kingfisher/Kingfisher.framework",
				"${BUILT_PRODUCTS_DIR}/MRProgress/MRProgress.framework",
				"${BUILT_PRODUCTS_DIR}/Moya/Moya.framework",
				"${BUILT_PRODUCTS_DIR}/R.swift.Library/Rswift.framework",
				"${BUILT_PRODUCTS_DIR}/Result/Result.framework",
				"${BUILT_PRODUCTS_DIR}/RxAtomic/RxAtomic.framework",
				"${BUILT_PRODUCTS_DIR}/RxCocoa/RxCocoa.framework",
				"${BUILT_PRODUCTS_DIR}/RxOptional/RxOptional.framework",
				"${BUILT_PRODUCTS_DIR}/RxSwift/RxSwift.framework",
				"${BUILT_PRODUCTS_DIR}/SwiftMessages/SwiftMessages.framework",
				"${BUILT_PRODUCTS_DIR}/Swinject/Swinject.framework",
				"${BUILT_PRODUCTS_DIR}/SwinjectStoryboard/SwinjectStoryboard.framework",
			);
			name = "[CP] Embed Pods Frameworks";
			outputFileListPaths = (
			);
			outputPaths = (
				"${TARGET_BUILD_DIR}/${FRAMEWORKS_FOLDER_PATH}/Alamofire.framework",
				"${TARGET_BUILD_DIR}/${FRAMEWORKS_FOLDER_PATH}/Kingfisher.framework",
				"${TARGET_BUILD_DIR}/${FRAMEWORKS_FOLDER_PATH}/MRProgress.framework",
				"${TARGET_BUILD_DIR}/${FRAMEWORKS_FOLDER_PATH}/Moya.framework",
				"${TARGET_BUILD_DIR}/${FRAMEWORKS_FOLDER_PATH}/Rswift.framework",
				"${TARGET_BUILD_DIR}/${FRAMEWORKS_FOLDER_PATH}/Result.framework",
				"${TARGET_BUILD_DIR}/${FRAMEWORKS_FOLDER_PATH}/RxAtomic.framework",
				"${TARGET_BUILD_DIR}/${FRAMEWORKS_FOLDER_PATH}/RxCocoa.framework",
				"${TARGET_BUILD_DIR}/${FRAMEWORKS_FOLDER_PATH}/RxOptional.framework",
				"${TARGET_BUILD_DIR}/${FRAMEWORKS_FOLDER_PATH}/RxSwift.framework",
				"${TARGET_BUILD_DIR}/${FRAMEWORKS_FOLDER_PATH}/SwiftMessages.framework",
				"${TARGET_BUILD_DIR}/${FRAMEWORKS_FOLDER_PATH}/Swinject.framework",
				"${TARGET_BUILD_DIR}/${FRAMEWORKS_FOLDER_PATH}/SwinjectStoryboard.framework",
			);
			runOnlyForDeploymentPostprocessing = 0;
			shellPath = /bin/sh;
			shellScript = "\"${SRCROOT}/Pods/Target Support Files/Pods-BSMVVM/Pods-BSMVVM-frameworks.sh\"\n";
			showEnvVarsInLog = 0;
		};
/* End PBXShellScriptBuildPhase section */

/* Begin PBXSourcesBuildPhase section */
		983DCD05223D8A4100E0B295 /* Sources */ = {
			isa = PBXSourcesBuildPhase;
			buildActionMask = 2147483647;
			files = (
				981D36FF223D9EDA00DBAC7F /* Moya+JSON.swift in Sources */,
				9803720F223DBC740008F06B /* BaseViewModel.swift in Sources */,
				981D36FC223D9E8300DBAC7F /* ApiAssemblies.swift in Sources */,
				981D36F7223D9DAD00DBAC7F /* ArticlesRepository.swift in Sources */,
				981D3708223DA8CF00DBAC7F /* Observable+MoyaErrorhandler.swift in Sources */,
				983DCD0D223D8A4100E0B295 /* AppDelegate.swift in Sources */,
				981D36FA223D9E6400DBAC7F /* MainAssembler.swift in Sources */,
				981D3701223D9F1800DBAC7F /* RepositoriesAssemblies.swift in Sources */,
				98037211223DBC740008F06B /* ArticleViewModel.swift in Sources */,
				981D370A223DA8E500DBAC7F /* Single+MoyaErrorHandler.swift in Sources */,
				98037213223DBC740008F06B /* BaseViewController.swift in Sources */,
				98037212223DBC740008F06B /* ArticleCell.swift in Sources */,
				981D371C223DAD2900DBAC7F /* SwinjectStoryboardAssemblies.swift in Sources */,
				98037216223DBC960008F06B /* KingFisherFacade.swift in Sources */,
				981D36E9223D8FA600DBAC7F /* R.generated.swift in Sources */,
				981D36EF223D954F00DBAC7F /* ArticlesResonse.swift in Sources */,
				981D3716223DAC3500DBAC7F /* ViewModelsAssemblies.swift in Sources */,
				98037214223DBC740008F06B /* ArticlesViewController.swift in Sources */,
				98037210223DBC740008F06B /* ArticlesViewModel.swift in Sources */,
				981D36F5223D9B7500DBAC7F /* ArticlesAPI.swift in Sources */,
				981D3718223DAC7600DBAC7F /* ViewControllersAssemblies.swift in Sources */,
				981D36ED223D91AE00DBAC7F /* Article.swift in Sources */,
			);
			runOnlyForDeploymentPostprocessing = 0;
		};
		983DCD1B223D8A4300E0B295 /* Sources */ = {
			isa = PBXSourcesBuildPhase;
			buildActionMask = 2147483647;
			files = (
				983DCD24223D8A4300E0B295 /* BSMVVMTests.swift in Sources */,
			);
			runOnlyForDeploymentPostprocessing = 0;
		};
		983DCD26223D8A4300E0B295 /* Sources */ = {
			isa = PBXSourcesBuildPhase;
			buildActionMask = 2147483647;
			files = (
				983DCD2F223D8A4300E0B295 /* BSMVVMUITests.swift in Sources */,
			);
			runOnlyForDeploymentPostprocessing = 0;
		};
/* End PBXSourcesBuildPhase section */

/* Begin PBXTargetDependency section */
		983DCD21223D8A4300E0B295 /* PBXTargetDependency */ = {
			isa = PBXTargetDependency;
			target = 983DCD08223D8A4100E0B295 /* BSMVVM */;
			targetProxy = 983DCD20223D8A4300E0B295 /* PBXContainerItemProxy */;
		};
		983DCD2C223D8A4300E0B295 /* PBXTargetDependency */ = {
			isa = PBXTargetDependency;
			target = 983DCD08223D8A4100E0B295 /* BSMVVM */;
			targetProxy = 983DCD2B223D8A4300E0B295 /* PBXContainerItemProxy */;
		};
/* End PBXTargetDependency section */

/* Begin PBXVariantGroup section */
		983DCD12223D8A4100E0B295 /* Main.storyboard */ = {
			isa = PBXVariantGroup;
			children = (
				983DCD13223D8A4100E0B295 /* Base */,
			);
			name = Main.storyboard;
			sourceTree = "<group>";
		};
		983DCD17223D8A4200E0B295 /* LaunchScreen.storyboard */ = {
			isa = PBXVariantGroup;
			children = (
				983DCD18223D8A4200E0B295 /* Base */,
			);
			name = LaunchScreen.storyboard;
			sourceTree = "<group>";
		};
/* End PBXVariantGroup section */

/* Begin XCBuildConfiguration section */
		983DCD31223D8A4300E0B295 /* Debug */ = {
			isa = XCBuildConfiguration;
			buildSettings = {
				ALWAYS_SEARCH_USER_PATHS = NO;
				CLANG_ANALYZER_NONNULL = YES;
				CLANG_ANALYZER_NUMBER_OBJECT_CONVERSION = YES_AGGRESSIVE;
				CLANG_CXX_LANGUAGE_STANDARD = "gnu++14";
				CLANG_CXX_LIBRARY = "libc++";
				CLANG_ENABLE_MODULES = YES;
				CLANG_ENABLE_OBJC_ARC = YES;
				CLANG_ENABLE_OBJC_WEAK = YES;
				CLANG_WARN_BLOCK_CAPTURE_AUTORELEASING = YES;
				CLANG_WARN_BOOL_CONVERSION = YES;
				CLANG_WARN_COMMA = YES;
				CLANG_WARN_CONSTANT_CONVERSION = YES;
				CLANG_WARN_DEPRECATED_OBJC_IMPLEMENTATIONS = YES;
				CLANG_WARN_DIRECT_OBJC_ISA_USAGE = YES_ERROR;
				CLANG_WARN_DOCUMENTATION_COMMENTS = YES;
				CLANG_WARN_EMPTY_BODY = YES;
				CLANG_WARN_ENUM_CONVERSION = YES;
				CLANG_WARN_INFINITE_RECURSION = YES;
				CLANG_WARN_INT_CONVERSION = YES;
				CLANG_WARN_NON_LITERAL_NULL_CONVERSION = YES;
				CLANG_WARN_OBJC_IMPLICIT_RETAIN_SELF = YES;
				CLANG_WARN_OBJC_LITERAL_CONVERSION = YES;
				CLANG_WARN_OBJC_ROOT_CLASS = YES_ERROR;
				CLANG_WARN_RANGE_LOOP_ANALYSIS = YES;
				CLANG_WARN_STRICT_PROTOTYPES = YES;
				CLANG_WARN_SUSPICIOUS_MOVE = YES;
				CLANG_WARN_UNGUARDED_AVAILABILITY = YES_AGGRESSIVE;
				CLANG_WARN_UNREACHABLE_CODE = YES;
				CLANG_WARN__DUPLICATE_METHOD_MATCH = YES;
				CODE_SIGN_IDENTITY = "iPhone Developer";
				COPY_PHASE_STRIP = NO;
				DEBUG_INFORMATION_FORMAT = dwarf;
				ENABLE_STRICT_OBJC_MSGSEND = YES;
				ENABLE_TESTABILITY = YES;
				GCC_C_LANGUAGE_STANDARD = gnu11;
				GCC_DYNAMIC_NO_PIC = NO;
				GCC_NO_COMMON_BLOCKS = YES;
				GCC_OPTIMIZATION_LEVEL = 0;
				GCC_PREPROCESSOR_DEFINITIONS = (
					"DEBUG=1",
					"$(inherited)",
				);
				GCC_WARN_64_TO_32_BIT_CONVERSION = YES;
				GCC_WARN_ABOUT_RETURN_TYPE = YES_ERROR;
				GCC_WARN_UNDECLARED_SELECTOR = YES;
				GCC_WARN_UNINITIALIZED_AUTOS = YES_AGGRESSIVE;
				GCC_WARN_UNUSED_FUNCTION = YES;
				GCC_WARN_UNUSED_VARIABLE = YES;
				IPHONEOS_DEPLOYMENT_TARGET = 12.1;
				MTL_ENABLE_DEBUG_INFO = INCLUDE_SOURCE;
				MTL_FAST_MATH = YES;
				ONLY_ACTIVE_ARCH = YES;
				SDKROOT = iphoneos;
				SWIFT_ACTIVE_COMPILATION_CONDITIONS = DEBUG;
				SWIFT_OPTIMIZATION_LEVEL = "-Onone";
			};
			name = Debug;
		};
		983DCD32223D8A4300E0B295 /* Release */ = {
			isa = XCBuildConfiguration;
			buildSettings = {
				ALWAYS_SEARCH_USER_PATHS = NO;
				CLANG_ANALYZER_NONNULL = YES;
				CLANG_ANALYZER_NUMBER_OBJECT_CONVERSION = YES_AGGRESSIVE;
				CLANG_CXX_LANGUAGE_STANDARD = "gnu++14";
				CLANG_CXX_LIBRARY = "libc++";
				CLANG_ENABLE_MODULES = YES;
				CLANG_ENABLE_OBJC_ARC = YES;
				CLANG_ENABLE_OBJC_WEAK = YES;
				CLANG_WARN_BLOCK_CAPTURE_AUTORELEASING = YES;
				CLANG_WARN_BOOL_CONVERSION = YES;
				CLANG_WARN_COMMA = YES;
				CLANG_WARN_CONSTANT_CONVERSION = YES;
				CLANG_WARN_DEPRECATED_OBJC_IMPLEMENTATIONS = YES;
				CLANG_WARN_DIRECT_OBJC_ISA_USAGE = YES_ERROR;
				CLANG_WARN_DOCUMENTATION_COMMENTS = YES;
				CLANG_WARN_EMPTY_BODY = YES;
				CLANG_WARN_ENUM_CONVERSION = YES;
				CLANG_WARN_INFINITE_RECURSION = YES;
				CLANG_WARN_INT_CONVERSION = YES;
				CLANG_WARN_NON_LITERAL_NULL_CONVERSION = YES;
				CLANG_WARN_OBJC_IMPLICIT_RETAIN_SELF = YES;
				CLANG_WARN_OBJC_LITERAL_CONVERSION = YES;
				CLANG_WARN_OBJC_ROOT_CLASS = YES_ERROR;
				CLANG_WARN_RANGE_LOOP_ANALYSIS = YES;
				CLANG_WARN_STRICT_PROTOTYPES = YES;
				CLANG_WARN_SUSPICIOUS_MOVE = YES;
				CLANG_WARN_UNGUARDED_AVAILABILITY = YES_AGGRESSIVE;
				CLANG_WARN_UNREACHABLE_CODE = YES;
				CLANG_WARN__DUPLICATE_METHOD_MATCH = YES;
				CODE_SIGN_IDENTITY = "iPhone Developer";
				COPY_PHASE_STRIP = NO;
				DEBUG_INFORMATION_FORMAT = "dwarf-with-dsym";
				ENABLE_NS_ASSERTIONS = NO;
				ENABLE_STRICT_OBJC_MSGSEND = YES;
				GCC_C_LANGUAGE_STANDARD = gnu11;
				GCC_NO_COMMON_BLOCKS = YES;
				GCC_WARN_64_TO_32_BIT_CONVERSION = YES;
				GCC_WARN_ABOUT_RETURN_TYPE = YES_ERROR;
				GCC_WARN_UNDECLARED_SELECTOR = YES;
				GCC_WARN_UNINITIALIZED_AUTOS = YES_AGGRESSIVE;
				GCC_WARN_UNUSED_FUNCTION = YES;
				GCC_WARN_UNUSED_VARIABLE = YES;
				IPHONEOS_DEPLOYMENT_TARGET = 12.1;
				MTL_ENABLE_DEBUG_INFO = NO;
				MTL_FAST_MATH = YES;
				SDKROOT = iphoneos;
				SWIFT_COMPILATION_MODE = wholemodule;
				SWIFT_OPTIMIZATION_LEVEL = "-O";
				VALIDATE_PRODUCT = YES;
			};
			name = Release;
		};
		983DCD34223D8A4300E0B295 /* Debug */ = {
			isa = XCBuildConfiguration;
			baseConfigurationReference = 1CEF8DAB7FA66FB13CEE0497 /* Pods-BSMVVM.debug.xcconfig */;
			buildSettings = {
				ASSETCATALOG_COMPILER_APPICON_NAME = AppIcon;
				CODE_SIGN_STYLE = Automatic;
				DEVELOPMENT_TEAM = 5Z85UG7B69;
				INFOPLIST_FILE = "$(SRCROOT)/BSMVVM/Support Files/Info.plist";
				LD_RUNPATH_SEARCH_PATHS = (
					"$(inherited)",
					"@executable_path/Frameworks",
				);
				PRODUCT_BUNDLE_IDENTIFIER = com.nahla.BSMVVM;
				PRODUCT_NAME = "$(TARGET_NAME)";
				SWIFT_VERSION = 4.2;
				TARGETED_DEVICE_FAMILY = "1,2";
			};
			name = Debug;
		};
		983DCD35223D8A4300E0B295 /* Release */ = {
			isa = XCBuildConfiguration;
			baseConfigurationReference = 7DEDEE576DDC281C4841E080 /* Pods-BSMVVM.release.xcconfig */;
			buildSettings = {
				ASSETCATALOG_COMPILER_APPICON_NAME = AppIcon;
				CODE_SIGN_STYLE = Automatic;
				DEVELOPMENT_TEAM = 5Z85UG7B69;
				INFOPLIST_FILE = "$(SRCROOT)/BSMVVM/Support Files/Info.plist";
				LD_RUNPATH_SEARCH_PATHS = (
					"$(inherited)",
					"@executable_path/Frameworks",
				);
				PRODUCT_BUNDLE_IDENTIFIER = com.nahla.BSMVVM;
				PRODUCT_NAME = "$(TARGET_NAME)";
				SWIFT_VERSION = 4.2;
				TARGETED_DEVICE_FAMILY = "1,2";
			};
			name = Release;
		};
		983DCD37223D8A4300E0B295 /* Debug */ = {
			isa = XCBuildConfiguration;
			baseConfigurationReference = 275CFF2FDE827202B0FA2F77 /* Pods-BSMVVMTests.debug.xcconfig */;
			buildSettings = {
				ALWAYS_EMBED_SWIFT_STANDARD_LIBRARIES = YES;
				BUNDLE_LOADER = "$(TEST_HOST)";
				CODE_SIGN_STYLE = Automatic;
				DEVELOPMENT_TEAM = 5Z85UG7B69;
				INFOPLIST_FILE = BSMVVMTests/Info.plist;
				LD_RUNPATH_SEARCH_PATHS = (
					"$(inherited)",
					"@executable_path/Frameworks",
					"@loader_path/Frameworks",
				);
				PRODUCT_BUNDLE_IDENTIFIER = com.nahla.BSMVVMTests;
				PRODUCT_NAME = "$(TARGET_NAME)";
				SWIFT_VERSION = 4.2;
				TARGETED_DEVICE_FAMILY = "1,2";
				TEST_HOST = "$(BUILT_PRODUCTS_DIR)/BSMVVM.app/BSMVVM";
			};
			name = Debug;
		};
		983DCD38223D8A4300E0B295 /* Release */ = {
			isa = XCBuildConfiguration;
			baseConfigurationReference = CB0A0BE5EEDAE164FDD894C6 /* Pods-BSMVVMTests.release.xcconfig */;
			buildSettings = {
				ALWAYS_EMBED_SWIFT_STANDARD_LIBRARIES = YES;
				BUNDLE_LOADER = "$(TEST_HOST)";
				CODE_SIGN_STYLE = Automatic;
				DEVELOPMENT_TEAM = 5Z85UG7B69;
				INFOPLIST_FILE = BSMVVMTests/Info.plist;
				LD_RUNPATH_SEARCH_PATHS = (
					"$(inherited)",
					"@executable_path/Frameworks",
					"@loader_path/Frameworks",
				);
				PRODUCT_BUNDLE_IDENTIFIER = com.nahla.BSMVVMTests;
				PRODUCT_NAME = "$(TARGET_NAME)";
				SWIFT_VERSION = 4.2;
				TARGETED_DEVICE_FAMILY = "1,2";
				TEST_HOST = "$(BUILT_PRODUCTS_DIR)/BSMVVM.app/BSMVVM";
			};
			name = Release;
		};
		983DCD3A223D8A4300E0B295 /* Debug */ = {
			isa = XCBuildConfiguration;
			buildSettings = {
				ALWAYS_EMBED_SWIFT_STANDARD_LIBRARIES = YES;
				CODE_SIGN_STYLE = Automatic;
				DEVELOPMENT_TEAM = 5Z85UG7B69;
				INFOPLIST_FILE = BSMVVMUITests/Info.plist;
				LD_RUNPATH_SEARCH_PATHS = (
					"$(inherited)",
					"@executable_path/Frameworks",
					"@loader_path/Frameworks",
				);
				PRODUCT_BUNDLE_IDENTIFIER = com.nahla.BSMVVMUITests;
				PRODUCT_NAME = "$(TARGET_NAME)";
				SWIFT_VERSION = 4.2;
				TARGETED_DEVICE_FAMILY = "1,2";
				TEST_TARGET_NAME = BSMVVM;
			};
			name = Debug;
		};
		983DCD3B223D8A4300E0B295 /* Release */ = {
			isa = XCBuildConfiguration;
			buildSettings = {
				ALWAYS_EMBED_SWIFT_STANDARD_LIBRARIES = YES;
				CODE_SIGN_STYLE = Automatic;
				DEVELOPMENT_TEAM = 5Z85UG7B69;
				INFOPLIST_FILE = BSMVVMUITests/Info.plist;
				LD_RUNPATH_SEARCH_PATHS = (
					"$(inherited)",
					"@executable_path/Frameworks",
					"@loader_path/Frameworks",
				);
				PRODUCT_BUNDLE_IDENTIFIER = com.nahla.BSMVVMUITests;
				PRODUCT_NAME = "$(TARGET_NAME)";
				SWIFT_VERSION = 4.2;
				TARGETED_DEVICE_FAMILY = "1,2";
				TEST_TARGET_NAME = BSMVVM;
			};
			name = Release;
		};
/* End XCBuildConfiguration section */

/* Begin XCConfigurationList section */
		983DCD04223D8A4100E0B295 /* Build configuration list for PBXProject "BSMVVM" */ = {
			isa = XCConfigurationList;
			buildConfigurations = (
				983DCD31223D8A4300E0B295 /* Debug */,
				983DCD32223D8A4300E0B295 /* Release */,
			);
			defaultConfigurationIsVisible = 0;
			defaultConfigurationName = Release;
		};
		983DCD33223D8A4300E0B295 /* Build configuration list for PBXNativeTarget "BSMVVM" */ = {
			isa = XCConfigurationList;
			buildConfigurations = (
				983DCD34223D8A4300E0B295 /* Debug */,
				983DCD35223D8A4300E0B295 /* Release */,
			);
			defaultConfigurationIsVisible = 0;
			defaultConfigurationName = Release;
		};
		983DCD36223D8A4300E0B295 /* Build configuration list for PBXNativeTarget "BSMVVMTests" */ = {
			isa = XCConfigurationList;
			buildConfigurations = (
				983DCD37223D8A4300E0B295 /* Debug */,
				983DCD38223D8A4300E0B295 /* Release */,
			);
			defaultConfigurationIsVisible = 0;
			defaultConfigurationName = Release;
		};
		983DCD39223D8A4300E0B295 /* Build configuration list for PBXNativeTarget "BSMVVMUITests" */ = {
			isa = XCConfigurationList;
			buildConfigurations = (
				983DCD3A223D8A4300E0B295 /* Debug */,
				983DCD3B223D8A4300E0B295 /* Release */,
			);
			defaultConfigurationIsVisible = 0;
			defaultConfigurationName = Release;
		};
/* End XCConfigurationList section */
	};
	rootObject = 983DCD01223D8A4100E0B295 /* Project object */;
}
